
Microsoft Visual Studio Solution File, Format Version 12.00
# Visual Studio Version 17
VisualStudioVersion = 17.14.37411.7
MinimumVisualStudioVersion = 10.0.40219.1
Project("{FAE04EC0-301F-11D3-BF4B-00C04F79EFBC}") = "Atlantis Bank", "Atlantis Bank.csproj", "{7E08CB2D-FB9E-42F4-B195-BC5020C85250}"
EndProject
Project("{FAE04EC0-301F-11D3-BF4B-00C04F79EFBC}") = "Atlantis Bank-DAL", "Atlantis Bank-DAL\Atlantis Bank-DAL.csproj", "{45FDB85B-CAFB-4C45-BBCF-574962F3FA74}"
EndProject
Project("{FAE04EC0-301F-11D3-BF4B-00C04F79EFBC}") = "Atlantis Bank-BLL", "Atlantis Bank-BLL\Atlantis Bank-BLL.csproj", "{53C6A463-1765-407E-A434-1FDF33B4FE83}"
EndProject
Global
	GlobalSection(SolutionConfigurationPlatforms) = preSolution
		Debug|Any CPU = Debug|Any CPU
		Release|Any CPU = Release|Any CPU
	EndGlobalSection
	GlobalSection(ProjectConfigurationPlatforms) = postSolution
		{7E08CB2D-FB9E-42F4-B195-BC5020C85250}.Debug|Any CPU.ActiveCfg = Debug|Any CPU
		{7E08CB2D-FB9E-42F4-B195-BC5020C85250}.Debug|Any CPU.Build.0 = Debug|Any CPU
		{7E08CB2D-FB9E-42F4-B195-BC5020C85250}.Release|Any CPU.ActiveCfg = Release|Any CPU
		{7E08CB2D-FB9E-42F4-B195-BC5020C85250}.Release|Any CPU.Build.0 = Release|Any CPU
		{45FDB85B-CAFB-4C45-BBCF-574962F3FA74}.Debug|Any CPU.ActiveCfg = Debug|Any CPU
		{45FDB85B-CAFB-4C45-BBCF-574962F3FA74}.Debug|Any CPU.Build.0 = Debug|Any CPU
		{45FDB85B-CAFB-4C45-BBCF-574962F3FA74}.Release|Any CPU.ActiveCfg = Release|Any CPU
		{45FDB85B-CAFB-4C45-BBCF-574962F3FA74}.Release|Any CPU.Build.0 = Release|Any CPU
		{53C6A463-1765-407E-A434-1FDF33B4FE83}.Debug|Any CPU.ActiveCfg = Debug|Any CPU
		{53C6A463-1765-407E-A434-1FDF33B4FE83}.Debug|Any CPU.Build.0 = Debug|Any CPU
		{53C6A463-1765-407E-A434-1FDF33B4FE83}.Release|Any CPU.ActiveCfg = Release|Any CPU
		{53C6A463-1765-407E-A434-1FDF33B4FE83}.Release|Any CPU.Build.0 = Release|Any CPU
	EndGlobalSection
	GlobalSection(SolutionProperties) = preSolution
		HideSolutionNode = FALSE
	EndGlobalSection
	GlobalSection(ExtensibilityGlobals) = postSolution
		SolutionGuid = {3C73D8F6-8AE6-4FE7-B7A8-A1AD4C1915F4}
	EndGlobalSection
EndGlobal
